
Microsoft Visual Studio Solution File, Format Version 12.00
# Visual Studio 14
VisualStudioVersion = 14.0.25420.1
MinimumVisualStudioVersion = 10.0.40219.1
Project("{FAE04EC0-301F-11D3-BF4B-00C04F79EFBC}") = "AreasDifferentProjects", "AreasDifferentProjects\AreasDifferentProjects.csproj", "{2ED022ED-62FF-49E9-8A81-85B66C3E0097}"
	ProjectSection(ProjectDependencies) = postProject
		{5DCECED0-E711-433A-B835-7C8A63E3CD3F} = {5DCECED0-E711-433A-B835-7C8A63E3CD3F}
	EndProjectSection
EndProject
Project("{FAE04EC0-301F-11D3-BF4B-00C04F79EFBC}") = "Area1", "AreasDifferentProjects\Areas\Area1\Area1.csproj", "{5DCECED0-E711-433A-B835-7C8A63E3CD3F}"
EndProject
Global
	GlobalSection(SolutionConfigurationPlatforms) = preSolution
		Debug|Any CPU = Debug|Any CPU
		Release|Any CPU = Release|Any CPU
	EndGlobalSection
	GlobalSection(ProjectConfigurationPlatforms) = postSolution
		{2ED022ED-62FF-49E9-8A81-85B66C3E0097}.Debug|Any CPU.ActiveCfg = Debug|Any CPU
		{2ED022ED-62FF-49E9-8A81-85B66C3E0097}.Debug|Any CPU.Build.0 = Debug|Any CPU
		{2ED022ED-62FF-49E9-8A81-85B66C3E0097}.Release|Any CPU.ActiveCfg = Release|Any CPU
		{2ED022ED-62FF-49E9-8A81-85B66C3E0097}.Release|Any CPU.Build.0 = Release|Any CPU
		{5DCECED0-E711-433A-B835-7C8A63E3CD3F}.Debug|Any CPU.ActiveCfg = Debug|Any CPU
		{5DCECED0-E711-433A-B835-7C8A63E3CD3F}.Debug|Any CPU.Build.0 = Debug|Any CPU
		{5DCECED0-E711-433A-B835-7C8A63E3CD3F}.Release|Any CPU.ActiveCfg = Release|Any CPU
		{5DCECED0-E711-433A-B835-7C8A63E3CD3F}.Release|Any CPU.Build.0 = Release|Any CPU
	EndGlobalSection
	GlobalSection(SolutionProperties) = preSolution
		HideSolutionNode = FALSE
	EndGlobalSection
EndGlobal
